{
  "name": "gm-context",
  "version": "0.1.0",
  "lockfileVersion": 1,
  "requires": true,
  "dependencies": {
    "ansi-regex": {
      "version": "2.1.1",
      "resolved": "https://registry.npmjs.org/ansi-regex/-/ansi-regex-2.1.1.tgz",
      "integrity": "sha1-w7M6te42DYbg5ijwRorn7yfWVN8=",
      "dev": true
    },
    "fs-extra": {
      "version": "2.1.2",
      "resolved": "https://registry.npmjs.org/fs-extra/-/fs-extra-2.1.2.tgz",
      "integrity": "sha1-BGxwFjzvmq1GsOSn+kZ/si1x3jU=",
      "dev": true,
      "requires": {
        "graceful-fs": "4.1.11",
        "jsonfile": "2.4.0"
      }
    },
    "graceful-fs": {
      "version": "4.1.11",
      "resolved": "https://registry.npmjs.org/graceful-fs/-/graceful-fs-4.1.11.tgz",
      "integrity": "sha1-Dovf5NHduIVNZOBOp8AOKgJuVlg=",
      "dev": true
    },
    "jsonfile": {
      "version": "2.4.0",
      "resolved": "https://registry.npmjs.org/jsonfile/-/jsonfile-2.4.0.tgz",
      "integrity": "sha1-NzaitCi4e72gzIO1P6PWM6NcKug=",
      "dev": true,
      "requires": {
        "graceful-fs": "4.1.11"
      }
    },
    "neodoc": {
      "version": "1.4.0",
      "resolved": "https://registry.npmjs.org/neodoc/-/neodoc-1.4.0.tgz",
      "integrity": "sha1-Uwyph33gcp/9XWQg+1KxBPCIjQU=",
      "dev": true,
      "requires": {
        "ansi-regex": "2.1.1"
      }
    },
    "userscript-meta": {
      "version": "1.0.1",
      "resolved": "https://registry.npmjs.org/userscript-meta/-/userscript-meta-1.0.1.tgz",
      "integrity": "sha1-YHmsGWI+jqs+xeqPbogbm3xFcPc=",
      "dev": true
    },
    "userscript-meta-cli": {
      "version": "0.2.0",
      "resolved": "https://registry.npmjs.org/userscript-meta-cli/-/userscript-meta-cli-0.2.0.tgz",
      "integrity": "sha512-reC7X5E6TW1refWO55oL+vQDFrgWc+Fd94RMveZ4IIfKcr4OuYRyjy64KzYc2mCiOS/ROmxidp73T4WF2RtTcA==",
      "dev": true,
      "requires": {
        "fs-extra": "2.1.2",
        "neodoc": "1.4.0",
        "userscript-meta": "1.0.1"
      }
    }
  }
}
